
Microsoft Visual Studio Solution File, Format Version 12.00
# Visual Studio Version 17
VisualStudioVersion = 17.9.34723.18
MinimumVisualStudioVersion = 10.0.40219.1
Project("{FAE04EC0-301F-11D3-BF4B-00C04F79EFBC}") = "25_02", "25_02.csproj", "{A54A49BB-525F-44F3-9CD7-06587BD5DC34}"
EndProject
Global
	GlobalSection(SolutionConfigurationPlatforms) = preSolution
		Debug|Any CPU = Debug|Any CPU
		Release|Any CPU = Release|Any CPU
	EndGlobalSection
	GlobalSection(ProjectConfigurationPlatforms) = postSolution
		{A54A49BB-525F-44F3-9CD7-06587BD5DC34}.Debug|Any CPU.ActiveCfg = Debug|Any CPU
		{A54A49BB-525F-44F3-9CD7-06587BD5DC34}.Debug|Any CPU.Build.0 = Debug|Any CPU
		{A54A49BB-525F-44F3-9CD7-06587BD5DC34}.Release|Any CPU.ActiveCfg = Release|Any CPU
		{A54A49BB-525F-44F3-9CD7-06587BD5DC34}.Release|Any CPU.Build.0 = Release|Any CPU
	EndGlobalSection
	GlobalSection(SolutionProperties) = preSolution
		HideSolutionNode = FALSE
	EndGlobalSection
	GlobalSection(ExtensibilityGlobals) = postSolution
		SolutionGuid = {8E48ABDF-E3CF-4D9A-88D1-2B22B5BB2A5A}
	EndGlobalSection
EndGlobal
